// !$*UTF8*$!
{
	archiveVersion = 1;
	classes = {
	};
	objectVersion = 55;
	objects = {

/* Begin PBXBuildFile section */
		305D9E752845E675009717DF /* MemeMeApp.swift in Sources */ = {isa = PBXBuildFile; fileRef = 305D9E652845E673009717DF /* MemeMeApp.swift */; };
		305D9E762845E675009717DF /* MemeMeApp.swift in Sources */ = {isa = PBXBuildFile; fileRef = 305D9E652845E673009717DF /* MemeMeApp.swift */; };
		305D9E772845E675009717DF /* ContentView.swift in Sources */ = {isa = PBXBuildFile; fileRef = 305D9E662845E673009717DF /* ContentView.swift */; };
		305D9E782845E675009717DF /* ContentView.swift in Sources */ = {isa = PBXBuildFile; fileRef = 305D9E662845E673009717DF /* ContentView.swift */; };
		305D9E792845E675009717DF /* Assets.xcassets in Resources */ = {isa = PBXBuildFile; fileRef = 305D9E672845E675009717DF /* Assets.xcassets */; };
		305D9E7A2845E675009717DF /* Assets.xcassets in Resources */ = {isa = PBXBuildFile; fileRef = 305D9E672845E675009717DF /* Assets.xcassets */; };
		305D9E862845E7D1009717DF /* Meme.swift in Sources */ = {isa = PBXBuildFile; fileRef = 305D9E852845E7D1009717DF /* Meme.swift */; };
		305D9E892845E84A009717DF /* GlowBorder.swift in Sources */ = {isa = PBXBuildFile; fileRef = 305D9E882845E84A009717DF /* GlowBorder.swift */; };
		305D9E8B2845E89A009717DF /* Extensions.swift in Sources */ = {isa = PBXBuildFile; fileRef = 305D9E8A2845E89A009717DF /* Extensions.swift */; };
		305D9E8D2845E911009717DF /* ImagePicker.swift in Sources */ = {isa = PBXBuildFile; fileRef = 305D9E8C2845E911009717DF /* ImagePicker.swift */; };
/* End PBXBuildFile section */

/* Begin PBXFileReference section */
		305D9E652845E673009717DF /* MemeMeApp.swift */ = {isa = PBXFileReference; lastKnownFileType = sourcecode.swift; path = MemeMeApp.swift; sourceTree = "<group>"; };
		305D9E662845E673009717DF /* ContentView.swift */ = {isa = PBXFileReference; lastKnownFileType = sourcecode.swift; path = ContentView.swift; sourceTree = "<group>"; };
		305D9E672845E675009717DF /* Assets.xcassets */ = {isa = PBXFileReference; lastKnownFileType = folder.assetcatalog; path = Assets.xcassets; sourceTree = "<group>"; };
		305D9E6C2845E675009717DF /* MemeMe.app */ = {isa = PBXFileReference; explicitFileType = wrapper.application; includeInIndex = 0; path = MemeMe.app; sourceTree = BUILT_PRODUCTS_DIR; };
		305D9E722845E675009717DF /* MemeMe.app */ = {isa = PBXFileReference; explicitFileType = wrapper.application; includeInIndex = 0; path = MemeMe.app; sourceTree = BUILT_PRODUCTS_DIR; };
		305D9E742845E675009717DF /* macOS.entitlements */ = {isa = PBXFileReference; lastKnownFileType = text.plist.entitlements; path = macOS.entitlements; sourceTree = "<group>"; };
		305D9E852845E7D1009717DF /* Meme.swift */ = {isa = PBXFileReference; lastKnownFileType = sourcecode.swift; path = Meme.swift; sourceTree = "<group>"; };
		305D9E882845E84A009717DF /* GlowBorder.swift */ = {isa = PBXFileReference; lastKnownFileType = sourcecode.swift; path = GlowBorder.swift; sourceTree = "<group>"; };
		305D9E8A2845E89A009717DF /* Extensions.swift */ = {isa = PBXFileReference; lastKnownFileType = sourcecode.swift; path = Extensions.swift; sourceTree = "<group>"; };
		305D9E8C2845E911009717DF /* ImagePicker.swift */ = {isa = PBXFileReference; lastKnownFileType = sourcecode.swift; path = ImagePicker.swift; sourceTree = "<group>"; };
/* End PBXFileReference section */

/* Begin PBXFrameworksBuildPhase section */
		305D9E692845E675009717DF /* Frameworks */ = {
			isa = PBXFrameworksBuildPhase;
			buildActionMask = 2147483647;
			files = (
			);
			runOnlyForDeploymentPostprocessing = 0;
		};
		305D9E6F2845E675009717DF /* Frameworks */ = {
			isa = PBXFrameworksBuildPhase;
			buildActionMask = 2147483647;
			files = (
			);
			runOnlyForDeploymentPostprocessing = 0;
		};
/* End PBXFrameworksBuildPhase section */

/* Begin PBXGroup section */
		305D9E5F2845E673009717DF = {
			isa = PBXGroup;
			children = (
				305D9E642845E673009717DF /* Shared */,
				305D9E732845E675009717DF /* macOS */,
				305D9E6D2845E675009717DF /* Products */,
			);
			sourceTree = "<group>";
		};
		305D9E642845E673009717DF /* Shared */ = {
			isa = PBXGroup;
			children = (
				305D9E872845E832009717DF /* ViewModifiers */,
				305D9E842845E7B4009717DF /* Views */,
				305D9E832845E7AA009717DF /* Models */,
				305D9E652845E673009717DF /* MemeMeApp.swift */,
				305D9E672845E675009717DF /* Assets.xcassets */,
			);
			path = Shared;
			sourceTree = "<group>";
		};
		305D9E6D2845E675009717DF /* Products */ = {
			isa = PBXGroup;
			children = (
				305D9E6C2845E675009717DF /* MemeMe.app */,
				305D9E722845E675009717DF /* MemeMe.app */,
			);
			name = Products;
			sourceTree = "<group>";
		};
		305D9E732845E675009717DF /* macOS */ = {
			isa = PBXGroup;
			children = (
				305D9E742845E675009717DF /* macOS.entitlements */,
			);
			path = macOS;
			sourceTree = "<group>";
		};
		305D9E832845E7AA009717DF /* Models */ = {
			isa = PBXGroup;
			children = (
				305D9E852845E7D1009717DF /* Meme.swift */,
			);
			path = Models;
			sourceTree = "<group>";
		};
		305D9E842845E7B4009717DF /* Views */ = {
			isa = PBXGroup;
			children = (
				305D9E662845E673009717DF /* ContentView.swift */,
				305D9E8C2845E911009717DF /* ImagePicker.swift */,
			);
			path = Views;
			sourceTree = "<group>";
		};
		305D9E872845E832009717DF /* ViewModifiers */ = {
			isa = PBXGroup;
			children = (
				305D9E882845E84A009717DF /* GlowBorder.swift */,
				305D9E8A2845E89A009717DF /* Extensions.swift */,
			);
			path = ViewModifiers;
			sourceTree = "<group>";
		};
/* End PBXGroup section */

/* Begin PBXNativeTarget section */
		305D9E6B2845E675009717DF /* MemeMe (iOS) */ = {
			isa = PBXNativeTarget;
			buildConfigurationList = 305D9E7D2845E675009717DF /* Build configuration list for PBXNativeTarget "MemeMe (iOS)" */;
			buildPhases = (
				305D9E682845E675009717DF /* Sources */,
				305D9E692845E675009717DF /* Frameworks */,
				305D9E6A2845E675009717DF /* Resources */,
			);
			buildRules = (
			);
			dependencies = (
			);
			name = "MemeMe (iOS)";
			productName = "MemeMe (iOS)";
			productReference = 305D9E6C2845E675009717DF /* MemeMe.app */;
			productType = "com.apple.product-type.application";
		};
		305D9E712845E675009717DF /* MemeMe (macOS) */ = {
			isa = PBXNativeTarget;
			buildConfigurationList = 305D9E802845E675009717DF /* Build configuration list for PBXNativeTarget "MemeMe (macOS)" */;
			buildPhases = (
				305D9E6E2845E675009717DF /* Sources */,
				305D9E6F2845E675009717DF /* Frameworks */,
				305D9E702845E675009717DF /* Resources */,
			);
			buildRules = (
			);
			dependencies = (
			);
			name = "MemeMe (macOS)";
			productName = "MemeMe (macOS)";
			productReference = 305D9E722845E675009717DF /* MemeMe.app */;
			productType = "com.apple.product-type.application";
		};
/* End PBXNativeTarget section */

/* Begin PBXProject section */
		305D9E602845E673009717DF /* Project object */ = {
			isa = PBXProject;
			attributes = {
				BuildIndependentTargetsInParallel = 1;
				LastSwiftUpdateCheck = 1340;
				LastUpgradeCheck = 1340;
				TargetAttributes = {
					305D9E6B2845E675009717DF = {
						CreatedOnToolsVersion = 13.4;
					};
					305D9E712845E675009717DF = {
						CreatedOnToolsVersion = 13.4;
					};
				};
			};
			buildConfigurationList = 305D9E632845E673009717DF /* Build configuration list for PBXProject "MemeMe" */;
			compatibilityVersion = "Xcode 13.0";
			developmentRegion = en;
			hasScannedForEncodings = 0;
			knownRegions = (
				en,
				Base,
			);
			mainGroup = 305D9E5F2845E673009717DF;
			productRefGroup = 305D9E6D2845E675009717DF /* Products */;
			projectDirPath = "";
			projectRoot = "";
			targets = (
				305D9E6B2845E675009717DF /* MemeMe (iOS) */,
				305D9E712845E675009717DF /* MemeMe (macOS) */,
			);
		};
/* End PBXProject section */

/* Begin PBXResourcesBuildPhase section */
		305D9E6A2845E675009717DF /* Resources */ = {
			isa = PBXResourcesBuildPhase;
			buildActionMask = 2147483647;
			files = (
				305D9E792845E675009717DF /* Assets.xcassets in Resources */,
			);
			runOnlyForDeploymentPostprocessing = 0;
		};
		305D9E702845E675009717DF /* Resources */ = {
			isa = PBXResourcesBuildPhase;
			buildActionMask = 2147483647;
			files = (
				305D9E7A2845E675009717DF /* Assets.xcassets in Resources */,
			);
			runOnlyForDeploymentPostprocessing = 0;
		};
/* End PBXResourcesBuildPhase section */

/* Begin PBXSourcesBuildPhase section */
		305D9E682845E675009717DF /* Sources */ = {
			isa = PBXSourcesBuildPhase;
			buildActionMask = 2147483647;
			files = (
				305D9E8B2845E89A009717DF /* Extensions.swift in Sources */,
				305D9E862845E7D1009717DF /* Meme.swift in Sources */,
				305D9E772845E675009717DF /* ContentView.swift in Sources */,
				305D9E8D2845E911009717DF /* ImagePicker.swift in Sources */,
				305D9E892845E84A009717DF /* GlowBorder.swift in Sources */,
				305D9E752845E675009717DF /* MemeMeApp.swift in Sources */,
			);
			runOnlyForDeploymentPostprocessing = 0;
		};
		305D9E6E2845E675009717DF /* Sources */ = {
			isa = PBXSourcesBuildPhase;
			buildActionMask = 2147483647;
			files = (
				305D9E782845E675009717DF /* ContentView.swift in Sources */,
				305D9E762845E675009717DF /* MemeMeApp.swift in Sources */,
			);
			runOnlyForDeploymentPostprocessing = 0;
		};
/* End PBXSourcesBuildPhase section */

/* Begin XCBuildConfiguration section */
		305D9E7B2845E675009717DF /* Debug */ = {
			isa = XCBuildConfiguration;
			buildSettings = {
				ALWAYS_SEARCH_USER_PATHS = NO;
				CLANG_ANALYZER_NONNULL = YES;
				CLANG_ANALYZER_NUMBER_OBJECT_CONVERSION = YES_AGGRESSIVE;
				CLANG_CXX_LANGUAGE_STANDARD = "gnu++17";
				CLANG_ENABLE_MODULES = YES;
				CLANG_ENABLE_OBJC_ARC = YES;
				CLANG_ENABLE_OBJC_WEAK = YES;
				CLANG_WARN_BLOCK_CAPTURE_AUTORELEASING = YES;
				CLANG_WARN_BOOL_CONVERSION = YES;
				CLANG_WARN_COMMA = YES;
				CLANG_WARN_CONSTANT_CONVERSION = YES;
				CLANG_WARN_DEPRECATED_OBJC_IMPLEMENTATIONS = YES;
				CLANG_WARN_DIRECT_OBJC_ISA_USAGE = YES_ERROR;
				CLANG_WARN_DOCUMENTATION_COMMENTS = YES;
				CLANG_WARN_EMPTY_BODY = YES;
				CLANG_WARN_ENUM_CONVERSION = YES;
				CLANG_WARN_INFINITE_RECURSION = YES;
				CLANG_WARN_INT_CONVERSION = YES;
				CLANG_WARN_NON_LITERAL_NULL_CONVERSION = YES;
				CLANG_WARN_OBJC_IMPLICIT_RETAIN_SELF = YES;
				CLANG_WARN_OBJC_LITERAL_CONVERSION = YES;
				CLANG_WARN_OBJC_ROOT_CLASS = YES_ERROR;
				CLANG_WARN_QUOTED_INCLUDE_IN_FRAMEWORK_HEADER = YES;
				CLANG_WARN_RANGE_LOOP_ANALYSIS = YES;
				CLANG_WARN_STRICT_PROTOTYPES = YES;
				CLANG_WARN_SUSPICIOUS_MOVE = YES;
				CLANG_WARN_UNGUARDED_AVAILABILITY = YES_AGGRESSIVE;
				CLANG_WARN_UNREACHABLE_CODE = YES;
				CLANG_WARN__DUPLICATE_METHOD_MATCH = YES;
				COPY_PHASE_STRIP = NO;
				DEBUG_INFORMATION_FORMAT = dwarf;
				ENABLE_STRICT_OBJC_MSGSEND = YES;
				ENABLE_TESTABILITY = YES;
				GCC_C_LANGUAGE_STANDARD = gnu11;
				GCC_DYNAMIC_NO_PIC = NO;
				GCC_NO_COMMON_BLOCKS = YES;
				GCC_OPTIMIZATION_LEVEL = 0;
				GCC_PREPROCESSOR_DEFINITIONS = (
					"DEBUG=1",
					"$(inherited)",
				);
				GCC_WARN_64_TO_32_BIT_CONVERSION = YES;
				GCC_WARN_ABOUT_RETURN_TYPE = YES_ERROR;
				GCC_WARN_UNDECLARED_SELECTOR = YES;
				GCC_WARN_UNINITIALIZED_AUTOS = YES_AGGRESSIVE;
				GCC_WARN_UNUSED_FUNCTION = YES;
				GCC_WARN_UNUSED_VARIABLE = YES;
				MTL_ENABLE_DEBUG_INFO = INCLUDE_SOURCE;
				MTL_FAST_MATH = YES;
				ONLY_ACTIVE_ARCH = YES;
				SWIFT_ACTIVE_COMPILATION_CONDITIONS = DEBUG;
				SWIFT_OPTIMIZATION_LEVEL = "-Onone";
			};
			name = Debug;
		};
		305D9E7C2845E675009717DF /* Release */ = {
			isa = XCBuildConfiguration;
			buildSettings = {
				ALWAYS_SEARCH_USER_PATHS = NO;
				CLANG_ANALYZER_NONNULL = YES;
				CLANG_ANALYZER_NUMBER_OBJECT_CONVERSION = YES_AGGRESSIVE;
				CLANG_CXX_LANGUAGE_STANDARD = "gnu++17";
				CLANG_ENABLE_MODULES = YES;
				CLANG_ENABLE_OBJC_ARC = YES;
				CLANG_ENABLE_OBJC_WEAK = YES;
				CLANG_WARN_BLOCK_CAPTURE_AUTORELEASING = YES;
				CLANG_WARN_BOOL_CONVERSION = YES;
				CLANG_WARN_COMMA = YES;
				CLANG_WARN_CONSTANT_CONVERSION = YES;
				CLANG_WARN_DEPRECATED_OBJC_IMPLEMENTATIONS = YES;
				CLANG_WARN_DIRECT_OBJC_ISA_USAGE = YES_ERROR;
				CLANG_WARN_DOCUMENTATION_COMMENTS = YES;
				CLANG_WARN_EMPTY_BODY = YES;
				CLANG_WARN_ENUM_CONVERSION = YES;
				CLANG_WARN_INFINITE_RECURSION = YES;
				CLANG_WARN_INT_CONVERSION = YES;
				CLANG_WARN_NON_LITERAL_NULL_CONVERSION = YES;
				CLANG_WARN_OBJC_IMPLICIT_RETAIN_SELF = YES;
				CLANG_WARN_OBJC_LITERAL_CONVERSION = YES;
				CLANG_WARN_OBJC_ROOT_CLASS = YES_ERROR;
				CLANG_WARN_QUOTED_INCLUDE_IN_FRAMEWORK_HEADER = YES;
				CLANG_WARN_RANGE_LOOP_ANALYSIS = YES;
				CLANG_WARN_STRICT_PROTOTYPES = YES;
				CLANG_WARN_SUSPICIOUS_MOVE = YES;
				CLANG_WARN_UNGUARDED_AVAILABILITY = YES_AGGRESSIVE;
				CLANG_WARN_UNREACHABLE_CODE = YES;
				CLANG_WARN__DUPLICATE_METHOD_MATCH = YES;
				COPY_PHASE_STRIP = NO;
				DEBUG_INFORMATION_FORMAT = "dwarf-with-dsym";
				ENABLE_NS_ASSERTIONS = NO;
				ENABLE_STRICT_OBJC_MSGSEND = YES;
				GCC_C_LANGUAGE_STANDARD = gnu11;
				GCC_NO_COMMON_BLOCKS = YES;
				GCC_WARN_64_TO_32_BIT_CONVERSION = YES;
				GCC_WARN_ABOUT_RETURN_TYPE = YES_ERROR;
				GCC_WARN_UNDECLARED_SELECTOR = YES;
				GCC_WARN_UNINITIALIZED_AUTOS = YES_AGGRESSIVE;
				GCC_WARN_UNUSED_FUNCTION = YES;
				GCC_WARN_UNUSED_VARIABLE = YES;
				MTL_ENABLE_DEBUG_INFO = NO;
				MTL_FAST_MATH = YES;
				SWIFT_COMPILATION_MODE = wholemodule;
				SWIFT_OPTIMIZATION_LEVEL = "-O";
			};
			name = Release;
		};
		305D9E7E2845E675009717DF /* Debug */ = {
			isa = XCBuildConfiguration;
			buildSettings = {
				ASSETCATALOG_COMPILER_APPICON_NAME = AppIcon;
				ASSETCATALOG_COMPILER_GLOBAL_ACCENT_COLOR_NAME = AccentColor;
				CODE_SIGN_STYLE = Automatic;
				CURRENT_PROJECT_VERSION = 1;
				DEVELOPMENT_TEAM = 3TRZ37292W;
				ENABLE_PREVIEWS = YES;
				GENERATE_INFOPLIST_FILE = YES;
				INFOPLIST_KEY_UIApplicationSceneManifest_Generation = YES;
				INFOPLIST_KEY_UIApplicationSupportsIndirectInputEvents = YES;
				INFOPLIST_KEY_UILaunchScreen_Generation = YES;
				INFOPLIST_KEY_UISupportedInterfaceOrientations_iPad = "UIInterfaceOrientationPortrait UIInterfaceOrientationPortraitUpsideDown UIInterfaceOrientationLandscapeLeft UIInterfaceOrientationLandscapeRight";
				INFOPLIST_KEY_UISupportedInterfaceOrientations_iPhone = "UIInterfaceOrientationPortrait UIInterfaceOrientationLandscapeLeft UIInterfaceOrientationLandscapeRight";
				IPHONEOS_DEPLOYMENT_TARGET = 15.5;
				LD_RUNPATH_SEARCH_PATHS = (
					"$(inherited)",
					"@executable_path/Frameworks",
				);
				MARKETING_VERSION = 1.0;
				PRODUCT_BUNDLE_IDENTIFIER = rhaxiel.net.MemeMe;
				PRODUCT_NAME = MemeMe;
				SDKROOT = iphoneos;
				SWIFT_EMIT_LOC_STRINGS = YES;
				SWIFT_VERSION = 5.0;
				TARGETED_DEVICE_FAMILY = "1,2";
			};
			name = Debug;
		};
		305D9E7F2845E675009717DF /* Release */ = {
			isa = XCBuildConfiguration;
			buildSettings = {
				ASSETCATALOG_COMPILER_APPICON_NAME = AppIcon;
				ASSETCATALOG_COMPILER_GLOBAL_ACCENT_COLOR_NAME = AccentColor;
				CODE_SIGN_STYLE = Automatic;
				CURRENT_PROJECT_VERSION = 1;
				DEVELOPMENT_TEAM = 3TRZ37292W;
				ENABLE_PREVIEWS = YES;
				GENERATE_INFOPLIST_FILE = YES;
				INFOPLIST_KEY_UIApplicationSceneManifest_Generation = YES;
				INFOPLIST_KEY_UIApplicationSupportsIndirectInputEvents = YES;
				INFOPLIST_KEY_UILaunchScreen_Generation = YES;
				INFOPLIST_KEY_UISupportedInterfaceOrientations_iPad = "UIInterfaceOrientationPortrait UIInterfaceOrientationPortraitUpsideDown UIInterfaceOrientationLandscapeLeft UIInterfaceOrientationLandscapeRight";
				INFOPLIST_KEY_UISupportedInterfaceOrientations_iPhone = "UIInterfaceOrientationPortrait UIInterfaceOrientationLandscapeLeft UIInterfaceOrientationLandscapeRight";
				IPHONEOS_DEPLOYMENT_TARGET = 15.5;
				LD_RUNPATH_SEARCH_PATHS = (
					"$(inherited)",
					"@executable_path/Frameworks",
				);
				MARKETING_VERSION = 1.0;
				PRODUCT_BUNDLE_IDENTIFIER = rhaxiel.net.MemeMe;
				PRODUCT_NAME = MemeMe;
				SDKROOT = iphoneos;
				SWIFT_EMIT_LOC_STRINGS = YES;
				SWIFT_VERSION = 5.0;
				TARGETED_DEVICE_FAMILY = "1,2";
				VALIDATE_PRODUCT = YES;
			};
			name = Release;
		};
		305D9E812845E675009717DF /* Debug */ = {
			isa = XCBuildConfiguration;
			buildSettings = {
				ASSETCATALOG_COMPILER_APPICON_NAME = AppIcon;
				ASSETCATALOG_COMPILER_GLOBAL_ACCENT_COLOR_NAME = AccentColor;
				CODE_SIGN_ENTITLEMENTS = macOS/macOS.entitlements;
				CODE_SIGN_STYLE = Automatic;
				COMBINE_HIDPI_IMAGES = YES;
				CURRENT_PROJECT_VERSION = 1;
				DEVELOPMENT_TEAM = 3TRZ37292W;
				ENABLE_HARDENED_RUNTIME = YES;
				ENABLE_PREVIEWS = YES;
				GENERATE_INFOPLIST_FILE = YES;
				INFOPLIST_KEY_NSHumanReadableCopyright = "";
				LD_RUNPATH_SEARCH_PATHS = (
					"$(inherited)",
					"@executable_path/../Frameworks",
				);
				MACOSX_DEPLOYMENT_TARGET = 12.3;
				MARKETING_VERSION = 1.0;
				PRODUCT_BUNDLE_IDENTIFIER = rhaxiel.net.MemeMe;
				PRODUCT_NAME = MemeMe;
				SDKROOT = macosx;
				SWIFT_EMIT_LOC_STRINGS = YES;
				SWIFT_VERSION = 5.0;
			};
			name = Debug;
		};
		305D9E822845E675009717DF /* Release */ = {
			isa = XCBuildConfiguration;
			buildSettings = {
				ASSETCATALOG_COMPILER_APPICON_NAME = AppIcon;
				ASSETCATALOG_COMPILER_GLOBAL_ACCENT_COLOR_NAME = AccentColor;
				CODE_SIGN_ENTITLEMENTS = macOS/macOS.entitlements;
				CODE_SIGN_STYLE = Automatic;
				COMBINE_HIDPI_IMAGES = YES;
				CURRENT_PROJECT_VERSION = 1;
				DEVELOPMENT_TEAM = 3TRZ37292W;
				ENABLE_HARDENED_RUNTIME = YES;
				ENABLE_PREVIEWS = YES;
				GENERATE_INFOPLIST_FILE = YES;
				INFOPLIST_KEY_NSHumanReadableCopyright = "";
				LD_RUNPATH_SEARCH_PATHS = (
					"$(inherited)",
					"@executable_path/../Frameworks",
				);
				MACOSX_DEPLOYMENT_TARGET = 12.3;
				MARKETING_VERSION = 1.0;
				PRODUCT_BUNDLE_IDENTIFIER = rhaxiel.net.MemeMe;
				PRODUCT_NAME = MemeMe;
				SDKROOT = macosx;
				SWIFT_EMIT_LOC_STRINGS = YES;
				SWIFT_VERSION = 5.0;
			};
			name = Release;
		};
/* End XCBuildConfiguration section */

/* Begin XCConfigurationList section */
		305D9E632845E673009717DF /* Build configuration list for PBXProject "MemeMe" */ = {
			isa = XCConfigurationList;
			buildConfigurations = (
				305D9E7B2845E675009717DF /* Debug */,
				305D9E7C2845E675009717DF /* Release */,
			);
			defaultConfigurationIsVisible = 0;
			defaultConfigurationName = Release;
		};
		305D9E7D2845E675009717DF /* Build configuration list for PBXNativeTarget "MemeMe (iOS)" */ = {
			isa = XCConfigurationList;
			buildConfigurations = (
				305D9E7E2845E675009717DF /* Debug */,
				305D9E7F2845E675009717DF /* Release */,
			);
			defaultConfigurationIsVisible = 0;
			defaultConfigurationName = Release;
		};
		305D9E802845E675009717DF /* Build configuration list for PBXNativeTarget "MemeMe (macOS)" */ = {
			isa = XCConfigurationList;
			buildConfigurations = (
				305D9E812845E675009717DF /* Debug */,
				305D9E822845E675009717DF /* Release */,
			);
			defaultConfigurationIsVisible = 0;
			defaultConfigurationName = Release;
		};
/* End XCConfigurationList section */
	};
	rootObject = 305D9E602845E673009717DF /* Project object */;
}
